// !$*UTF8*$!
{
	archiveVersion = 1;
	classes = {
	};
	objectVersion = 56;
	objects = {

/* Begin PBXBuildFile section */
		8595950A2CE261A900551AB9 /* AppDelegate.swift in Sources */ = {isa = PBXBuildFile; fileRef = 859595092CE261A900551AB9 /* AppDelegate.swift */; };
		8595950C2CE261A900551AB9 /* SceneDelegate.swift in Sources */ = {isa = PBXBuildFile; fileRef = 8595950B2CE261A900551AB9 /* SceneDelegate.swift */; };
		8595950E2CE261A900551AB9 /* ViewController.swift in Sources */ = {isa = PBXBuildFile; fileRef = 8595950D2CE261A900551AB9 /* ViewController.swift */; };
		859595112CE261A900551AB9 /* Base in Resources */ = {isa = PBXBuildFile; fileRef = 859595102CE261A900551AB9 /* Base */; };
		859595132CE261AA00551AB9 /* Assets.xcassets in Resources */ = {isa = PBXBuildFile; fileRef = 859595122CE261AA00551AB9 /* Assets.xcassets */; };
		859595162CE261AA00551AB9 /* Base in Resources */ = {isa = PBXBuildFile; fileRef = 859595152CE261AA00551AB9 /* Base */; };
		8595951E2CE261BE00551AB9 /* FilmsViewController.swift in Sources */ = {isa = PBXBuildFile; fileRef = 8595951D2CE261BE00551AB9 /* FilmsViewController.swift */; };
		859595202CE261E500551AB9 /* MusicViewController.swift in Sources */ = {isa = PBXBuildFile; fileRef = 8595951F2CE261E500551AB9 /* MusicViewController.swift */; };
		859595252CE2621100551AB9 /* BooksViewController.swift in Sources */ = {isa = PBXBuildFile; fileRef = 859595242CE2621100551AB9 /* BooksViewController.swift */; };
		859595282CE262A200551AB9 /* DetailsViewController.swift in Sources */ = {isa = PBXBuildFile; fileRef = 859595272CE262A200551AB9 /* DetailsViewController.swift */; };
		8595952A2CE262B300551AB9 /* DetailsItem.swift in Sources */ = {isa = PBXBuildFile; fileRef = 859595292CE262B300551AB9 /* DetailsItem.swift */; };
		8595952D2CE263AA00551AB9 /* BaseListViewController.swift in Sources */ = {isa = PBXBuildFile; fileRef = 8595952C2CE263AA00551AB9 /* BaseListViewController.swift */; };
/* End PBXBuildFile section */

/* Begin PBXFileReference section */
		859595062CE261A900551AB9 /* TabBarDemo.app */ = {isa = PBXFileReference; explicitFileType = wrapper.application; includeInIndex = 0; path = TabBarDemo.app; sourceTree = BUILT_PRODUCTS_DIR; };
		859595092CE261A900551AB9 /* AppDelegate.swift */ = {isa = PBXFileReference; lastKnownFileType = sourcecode.swift; path = AppDelegate.swift; sourceTree = "<group>"; };
		8595950B2CE261A900551AB9 /* SceneDelegate.swift */ = {isa = PBXFileReference; lastKnownFileType = sourcecode.swift; path = SceneDelegate.swift; sourceTree = "<group>"; };
		8595950D2CE261A900551AB9 /* ViewController.swift */ = {isa = PBXFileReference; lastKnownFileType = sourcecode.swift; path = ViewController.swift; sourceTree = "<group>"; };
		859595102CE261A900551AB9 /* Base */ = {isa = PBXFileReference; lastKnownFileType = file.storyboard; name = Base; path = Base.lproj/Main.storyboard; sourceTree = "<group>"; };
		859595122CE261AA00551AB9 /* Assets.xcassets */ = {isa = PBXFileReference; lastKnownFileType = folder.assetcatalog; path = Assets.xcassets; sourceTree = "<group>"; };
		859595152CE261AA00551AB9 /* Base */ = {isa = PBXFileReference; lastKnownFileType = file.storyboard; name = Base; path = Base.lproj/LaunchScreen.storyboard; sourceTree = "<group>"; };
		859595172CE261AA00551AB9 /* Info.plist */ = {isa = PBXFileReference; lastKnownFileType = text.plist.xml; path = Info.plist; sourceTree = "<group>"; };
		8595951D2CE261BE00551AB9 /* FilmsViewController.swift */ = {isa = PBXFileReference; lastKnownFileType = sourcecode.swift; path = FilmsViewController.swift; sourceTree = "<group>"; };
		8595951F2CE261E500551AB9 /* MusicViewController.swift */ = {isa = PBXFileReference; lastKnownFileType = sourcecode.swift; path = MusicViewController.swift; sourceTree = "<group>"; };
		859595242CE2621100551AB9 /* BooksViewController.swift */ = {isa = PBXFileReference; lastKnownFileType = sourcecode.swift; path = BooksViewController.swift; sourceTree = "<group>"; };
		859595272CE262A200551AB9 /* DetailsViewController.swift */ = {isa = PBXFileReference; lastKnownFileType = sourcecode.swift; path = DetailsViewController.swift; sourceTree = "<group>"; };
		859595292CE262B300551AB9 /* DetailsItem.swift */ = {isa = PBXFileReference; lastKnownFileType = sourcecode.swift; path = DetailsItem.swift; sourceTree = "<group>"; };
		8595952C2CE263AA00551AB9 /* BaseListViewController.swift */ = {isa = PBXFileReference; lastKnownFileType = sourcecode.swift; path = BaseListViewController.swift; sourceTree = "<group>"; };
/* End PBXFileReference section */

/* Begin PBXFrameworksBuildPhase section */
		859595032CE261A900551AB9 /* Frameworks */ = {
			isa = PBXFrameworksBuildPhase;
			buildActionMask = 2147483647;
			files = (
			);
			runOnlyForDeploymentPostprocessing = 0;
		};
/* End PBXFrameworksBuildPhase section */

/* Begin PBXGroup section */
		859594FD2CE261A900551AB9 = {
			isa = PBXGroup;
			children = (
				859595082CE261A900551AB9 /* TabBarDemo */,
				859595072CE261A900551AB9 /* Products */,
			);
			sourceTree = "<group>";
		};
		859595072CE261A900551AB9 /* Products */ = {
			isa = PBXGroup;
			children = (
				859595062CE261A900551AB9 /* TabBarDemo.app */,
			);
			name = Products;
			sourceTree = "<group>";
		};
		859595082CE261A900551AB9 /* TabBarDemo */ = {
			isa = PBXGroup;
			children = (
				8595952B2CE2638700551AB9 /* BaseListViewController */,
				859595262CE2629100551AB9 /* Details */,
				859595232CE2620500551AB9 /* Books */,
				859595222CE261FC00551AB9 /* Music */,
				859595212CE261F000551AB9 /* Films */,
				859595092CE261A900551AB9 /* AppDelegate.swift */,
				8595950B2CE261A900551AB9 /* SceneDelegate.swift */,
				8595950D2CE261A900551AB9 /* ViewController.swift */,
				8595950F2CE261A900551AB9 /* Main.storyboard */,
				859595122CE261AA00551AB9 /* Assets.xcassets */,
				859595142CE261AA00551AB9 /* LaunchScreen.storyboard */,
				859595172CE261AA00551AB9 /* Info.plist */,
			);
			path = TabBarDemo;
			sourceTree = "<group>";
		};
		859595212CE261F000551AB9 /* Films */ = {
			isa = PBXGroup;
			children = (
				8595951D2CE261BE00551AB9 /* FilmsViewController.swift */,
			);
			path = Films;
			sourceTree = "<group>";
		};
		859595222CE261FC00551AB9 /* Music */ = {
			isa = PBXGroup;
			children = (
				8595951F2CE261E500551AB9 /* MusicViewController.swift */,
			);
			path = Music;
			sourceTree = "<group>";
		};
		859595232CE2620500551AB9 /* Books */ = {
			isa = PBXGroup;
			children = (
				859595242CE2621100551AB9 /* BooksViewController.swift */,
			);
			path = Books;
			sourceTree = "<group>";
		};
		859595262CE2629100551AB9 /* Details */ = {
			isa = PBXGroup;
			children = (
				859595272CE262A200551AB9 /* DetailsViewController.swift */,
				859595292CE262B300551AB9 /* DetailsItem.swift */,
			);
			path = Details;
			sourceTree = "<group>";
		};
		8595952B2CE2638700551AB9 /* BaseListViewController */ = {
			isa = PBXGroup;
			children = (
				8595952C2CE263AA00551AB9 /* BaseListViewController.swift */,
			);
			path = BaseListViewController;
			sourceTree = "<group>";
		};
/* End PBXGroup section */

/* Begin PBXNativeTarget section */
		859595052CE261A900551AB9 /* TabBarDemo */ = {
			isa = PBXNativeTarget;
			buildConfigurationList = 8595951A2CE261AA00551AB9 /* Build configuration list for PBXNativeTarget "TabBarDemo" */;
			buildPhases = (
				859595022CE261A900551AB9 /* Sources */,
				859595032CE261A900551AB9 /* Frameworks */,
				859595042CE261A900551AB9 /* Resources */,
			);
			buildRules = (
			);
			dependencies = (
			);
			name = TabBarDemo;
			productName = TabBarDemo;
			productReference = 859595062CE261A900551AB9 /* TabBarDemo.app */;
			productType = "com.apple.product-type.application";
		};
/* End PBXNativeTarget section */

/* Begin PBXProject section */
		859594FE2CE261A900551AB9 /* Project object */ = {
			isa = PBXProject;
			attributes = {
				BuildIndependentTargetsInParallel = 1;
				LastSwiftUpdateCheck = 1540;
				LastUpgradeCheck = 1540;
				TargetAttributes = {
					859595052CE261A900551AB9 = {
						CreatedOnToolsVersion = 15.4;
					};
				};
			};
			buildConfigurationList = 859595012CE261A900551AB9 /* Build configuration list for PBXProject "TabBarDemo" */;
			compatibilityVersion = "Xcode 14.0";
			developmentRegion = en;
			hasScannedForEncodings = 0;
			knownRegions = (
				en,
				Base,
			);
			mainGroup = 859594FD2CE261A900551AB9;
			productRefGroup = 859595072CE261A900551AB9 /* Products */;
			projectDirPath = "";
			projectRoot = "";
			targets = (
				859595052CE261A900551AB9 /* TabBarDemo */,
			);
		};
/* End PBXProject section */

/* Begin PBXResourcesBuildPhase section */
		859595042CE261A900551AB9 /* Resources */ = {
			isa = PBXResourcesBuildPhase;
			buildActionMask = 2147483647;
			files = (
				859595132CE261AA00551AB9 /* Assets.xcassets in Resources */,
				859595162CE261AA00551AB9 /* Base in Resources */,
				859595112CE261A900551AB9 /* Base in Resources */,
			);
			runOnlyForDeploymentPostprocessing = 0;
		};
/* End PBXResourcesBuildPhase section */

/* Begin PBXSourcesBuildPhase section */
		859595022CE261A900551AB9 /* Sources */ = {
			isa = PBXSourcesBuildPhase;
			buildActionMask = 2147483647;
			files = (
				8595950E2CE261A900551AB9 /* ViewController.swift in Sources */,
				8595952D2CE263AA00551AB9 /* BaseListViewController.swift in Sources */,
				8595952A2CE262B300551AB9 /* DetailsItem.swift in Sources */,
				859595202CE261E500551AB9 /* MusicViewController.swift in Sources */,
				8595950A2CE261A900551AB9 /* AppDelegate.swift in Sources */,
				8595951E2CE261BE00551AB9 /* FilmsViewController.swift in Sources */,
				859595282CE262A200551AB9 /* DetailsViewController.swift in Sources */,
				8595950C2CE261A900551AB9 /* SceneDelegate.swift in Sources */,
				859595252CE2621100551AB9 /* BooksViewController.swift in Sources */,
			);
			runOnlyForDeploymentPostprocessing = 0;
		};
/* End PBXSourcesBuildPhase section */

/* Begin PBXVariantGroup section */
		8595950F2CE261A900551AB9 /* Main.storyboard */ = {
			isa = PBXVariantGroup;
			children = (
				859595102CE261A900551AB9 /* Base */,
			);
			name = Main.storyboard;
			sourceTree = "<group>";
		};
		859595142CE261AA00551AB9 /* LaunchScreen.storyboard */ = {
			isa = PBXVariantGroup;
			children = (
				859595152CE261AA00551AB9 /* Base */,
			);
			name = LaunchScreen.storyboard;
			sourceTree = "<group>";
		};
/* End PBXVariantGroup section */

/* Begin XCBuildConfiguration section */
		859595182CE261AA00551AB9 /* Debug */ = {
			isa = XCBuildConfiguration;
			buildSettings = {
				ALWAYS_SEARCH_USER_PATHS = NO;
				ASSETCATALOG_COMPILER_GENERATE_SWIFT_ASSET_SYMBOL_EXTENSIONS = YES;
				CLANG_ANALYZER_NONNULL = YES;
				CLANG_ANALYZER_NUMBER_OBJECT_CONVERSION = YES_AGGRESSIVE;
				CLANG_CXX_LANGUAGE_STANDARD = "gnu++20";
				CLANG_ENABLE_MODULES = YES;
				CLANG_ENABLE_OBJC_ARC = YES;
				CLANG_ENABLE_OBJC_WEAK = YES;
				CLANG_WARN_BLOCK_CAPTURE_AUTORELEASING = YES;
				CLANG_WARN_BOOL_CONVERSION = YES;
				CLANG_WARN_COMMA = YES;
				CLANG_WARN_CONSTANT_CONVERSION = YES;
				CLANG_WARN_DEPRECATED_OBJC_IMPLEMENTATIONS = YES;
				CLANG_WARN_DIRECT_OBJC_ISA_USAGE = YES_ERROR;
				CLANG_WARN_DOCUMENTATION_COMMENTS = YES;
				CLANG_WARN_EMPTY_BODY = YES;
				CLANG_WARN_ENUM_CONVERSION = YES;
				CLANG_WARN_INFINITE_RECURSION = YES;
				CLANG_WARN_INT_CONVERSION = YES;
				CLANG_WARN_NON_LITERAL_NULL_CONVERSION = YES;
				CLANG_WARN_OBJC_IMPLICIT_RETAIN_SELF = YES;
				CLANG_WARN_OBJC_LITERAL_CONVERSION = YES;
				CLANG_WARN_OBJC_ROOT_CLASS = YES_ERROR;
				CLANG_WARN_QUOTED_INCLUDE_IN_FRAMEWORK_HEADER = YES;
				CLANG_WARN_RANGE_LOOP_ANALYSIS = YES;
				CLANG_WARN_STRICT_PROTOTYPES = YES;
				CLANG_WARN_SUSPICIOUS_MOVE = YES;
				CLANG_WARN_UNGUARDED_AVAILABILITY = YES_AGGRESSIVE;
				CLANG_WARN_UNREACHABLE_CODE = YES;
				CLANG_WARN__DUPLICATE_METHOD_MATCH = YES;
				COPY_PHASE_STRIP = NO;
				DEBUG_INFORMATION_FORMAT = dwarf;
				ENABLE_STRICT_OBJC_MSGSEND = YES;
				ENABLE_TESTABILITY = YES;
				ENABLE_USER_SCRIPT_SANDBOXING = YES;
				GCC_C_LANGUAGE_STANDARD = gnu17;
				GCC_DYNAMIC_NO_PIC = NO;
				GCC_NO_COMMON_BLOCKS = YES;
				GCC_OPTIMIZATION_LEVEL = 0;
				GCC_PREPROCESSOR_DEFINITIONS = (
					"DEBUG=1",
					"$(inherited)",
				);
				GCC_WARN_64_TO_32_BIT_CONVERSION = YES;
				GCC_WARN_ABOUT_RETURN_TYPE = YES_ERROR;
				GCC_WARN_UNDECLARED_SELECTOR = YES;
				GCC_WARN_UNINITIALIZED_AUTOS = YES_AGGRESSIVE;
				GCC_WARN_UNUSED_FUNCTION = YES;
				GCC_WARN_UNUSED_VARIABLE = YES;
				IPHONEOS_DEPLOYMENT_TARGET = 17.5;
				LOCALIZATION_PREFERS_STRING_CATALOGS = YES;
				MTL_ENABLE_DEBUG_INFO = INCLUDE_SOURCE;
				MTL_FAST_MATH = YES;
				ONLY_ACTIVE_ARCH = YES;
				SDKROOT = iphoneos;
				SWIFT_ACTIVE_COMPILATION_CONDITIONS = "DEBUG $(inherited)";
				SWIFT_OPTIMIZATION_LEVEL = "-Onone";
			};
			name = Debug;
		};
		859595192CE261AA00551AB9 /* Release */ = {
			isa = XCBuildConfiguration;
			buildSettings = {
				ALWAYS_SEARCH_USER_PATHS = NO;
				ASSETCATALOG_COMPILER_GENERATE_SWIFT_ASSET_SYMBOL_EXTENSIONS = YES;
				CLANG_ANALYZER_NONNULL = YES;
				CLANG_ANALYZER_NUMBER_OBJECT_CONVERSION = YES_AGGRESSIVE;
				CLANG_CXX_LANGUAGE_STANDARD = "gnu++20";
				CLANG_ENABLE_MODULES = YES;
				CLANG_ENABLE_OBJC_ARC = YES;
				CLANG_ENABLE_OBJC_WEAK = YES;
				CLANG_WARN_BLOCK_CAPTURE_AUTORELEASING = YES;
				CLANG_WARN_BOOL_CONVERSION = YES;
				CLANG_WARN_COMMA = YES;
				CLANG_WARN_CONSTANT_CONVERSION = YES;
				CLANG_WARN_DEPRECATED_OBJC_IMPLEMENTATIONS = YES;
				CLANG_WARN_DIRECT_OBJC_ISA_USAGE = YES_ERROR;
				CLANG_WARN_DOCUMENTATION_COMMENTS = YES;
				CLANG_WARN_EMPTY_BODY = YES;
				CLANG_WARN_ENUM_CONVERSION = YES;
				CLANG_WARN_INFINITE_RECURSION = YES;
				CLANG_WARN_INT_CONVERSION = YES;
				CLANG_WARN_NON_LITERAL_NULL_CONVERSION = YES;
				CLANG_WARN_OBJC_IMPLICIT_RETAIN_SELF = YES;
				CLANG_WARN_OBJC_LITERAL_CONVERSION = YES;
				CLANG_WARN_OBJC_ROOT_CLASS = YES_ERROR;
				CLANG_WARN_QUOTED_INCLUDE_IN_FRAMEWORK_HEADER = YES;
				CLANG_WARN_RANGE_LOOP_ANALYSIS = YES;
				CLANG_WARN_STRICT_PROTOTYPES = YES;
				CLANG_WARN_SUSPICIOUS_MOVE = YES;
				CLANG_WARN_UNGUARDED_AVAILABILITY = YES_AGGRESSIVE;
				CLANG_WARN_UNREACHABLE_CODE = YES;
				CLANG_WARN__DUPLICATE_METHOD_MATCH = YES;
				COPY_PHASE_STRIP = NO;
				DEBUG_INFORMATION_FORMAT = "dwarf-with-dsym";
				ENABLE_NS_ASSERTIONS = NO;
				ENABLE_STRICT_OBJC_MSGSEND = YES;
				ENABLE_USER_SCRIPT_SANDBOXING = YES;
				GCC_C_LANGUAGE_STANDARD = gnu17;
				GCC_NO_COMMON_BLOCKS = YES;
				GCC_WARN_64_TO_32_BIT_CONVERSION = YES;
				GCC_WARN_ABOUT_RETURN_TYPE = YES_ERROR;
				GCC_WARN_UNDECLARED_SELECTOR = YES;
				GCC_WARN_UNINITIALIZED_AUTOS = YES_AGGRESSIVE;
				GCC_WARN_UNUSED_FUNCTION = YES;
				GCC_WARN_UNUSED_VARIABLE = YES;
				IPHONEOS_DEPLOYMENT_TARGET = 17.5;
				LOCALIZATION_PREFERS_STRING_CATALOGS = YES;
				MTL_ENABLE_DEBUG_INFO = NO;
				MTL_FAST_MATH = YES;
				SDKROOT = iphoneos;
				SWIFT_COMPILATION_MODE = wholemodule;
				VALIDATE_PRODUCT = YES;
			};
			name = Release;
		};
		8595951B2CE261AA00551AB9 /* Debug */ = {
			isa = XCBuildConfiguration;
			buildSettings = {
				ASSETCATALOG_COMPILER_APPICON_NAME = AppIcon;
				ASSETCATALOG_COMPILER_GLOBAL_ACCENT_COLOR_NAME = AccentColor;
				CODE_SIGN_STYLE = Automatic;
				CURRENT_PROJECT_VERSION = 1;
				DEVELOPMENT_TEAM = 5ZMU93J98W;
				GENERATE_INFOPLIST_FILE = YES;
				INFOPLIST_FILE = TabBarDemo/Info.plist;
				INFOPLIST_KEY_UIApplicationSupportsIndirectInputEvents = YES;
				INFOPLIST_KEY_UILaunchStoryboardName = LaunchScreen;
				INFOPLIST_KEY_UIMainStoryboardFile = Main;
				INFOPLIST_KEY_UISupportedInterfaceOrientations_iPad = "UIInterfaceOrientationPortrait UIInterfaceOrientationPortraitUpsideDown UIInterfaceOrientationLandscapeLeft UIInterfaceOrientationLandscapeRight";
				INFOPLIST_KEY_UISupportedInterfaceOrientations_iPhone = "UIInterfaceOrientationPortrait UIInterfaceOrientationLandscapeLeft UIInterfaceOrientationLandscapeRight";
				LD_RUNPATH_SEARCH_PATHS = (
					"$(inherited)",
					"@executable_path/Frameworks",
				);
				MARKETING_VERSION = 1.0;
				PRODUCT_BUNDLE_IDENTIFIER = chingis.TabBarDemo;
				PRODUCT_NAME = "$(TARGET_NAME)";
				SWIFT_EMIT_LOC_STRINGS = YES;
				SWIFT_VERSION = 5.0;
				TARGETED_DEVICE_FAMILY = "1,2";
			};
			name = Debug;
		};
		8595951C2CE261AA00551AB9 /* Release */ = {
			isa = XCBuildConfiguration;
			buildSettings = {
				ASSETCATALOG_COMPILER_APPICON_NAME = AppIcon;
				ASSETCATALOG_COMPILER_GLOBAL_ACCENT_COLOR_NAME = AccentColor;
				CODE_SIGN_STYLE = Automatic;
				CURRENT_PROJECT_VERSION = 1;
				DEVELOPMENT_TEAM = 5ZMU93J98W;
				GENERATE_INFOPLIST_FILE = YES;
				INFOPLIST_FILE = TabBarDemo/Info.plist;
				INFOPLIST_KEY_UIApplicationSupportsIndirectInputEvents = YES;
				INFOPLIST_KEY_UILaunchStoryboardName = LaunchScreen;
				INFOPLIST_KEY_UIMainStoryboardFile = Main;
				INFOPLIST_KEY_UISupportedInterfaceOrientations_iPad = "UIInterfaceOrientationPortrait UIInterfaceOrientationPortraitUpsideDown UIInterfaceOrientationLandscapeLeft UIInterfaceOrientationLandscapeRight";
				INFOPLIST_KEY_UISupportedInterfaceOrientations_iPhone = "UIInterfaceOrientationPortrait UIInterfaceOrientationLandscapeLeft UIInterfaceOrientationLandscapeRight";
				LD_RUNPATH_SEARCH_PATHS = (
					"$(inherited)",
					"@executable_path/Frameworks",
				);
				MARKETING_VERSION = 1.0;
				PRODUCT_BUNDLE_IDENTIFIER = chingis.TabBarDemo;
				PRODUCT_NAME = "$(TARGET_NAME)";
				SWIFT_EMIT_LOC_STRINGS = YES;
				SWIFT_VERSION = 5.0;
				TARGETED_DEVICE_FAMILY = "1,2";
			};
			name = Release;
		};
/* End XCBuildConfiguration section */

/* Begin XCConfigurationList section */
		859595012CE261A900551AB9 /* Build configuration list for PBXProject "TabBarDemo" */ = {
			isa = XCConfigurationList;
			buildConfigurations = (
				859595182CE261AA00551AB9 /* Debug */,
				859595192CE261AA00551AB9 /* Release */,
			);
			defaultConfigurationIsVisible = 0;
			defaultConfigurationName = Release;
		};
		8595951A2CE261AA00551AB9 /* Build configuration list for PBXNativeTarget "TabBarDemo" */ = {
			isa = XCConfigurationList;
			buildConfigurations = (
				8595951B2CE261AA00551AB9 /* Debug */,
				8595951C2CE261AA00551AB9 /* Release */,
			);
			defaultConfigurationIsVisible = 0;
			defaultConfigurationName = Release;
		};
/* End XCConfigurationList section */
	};
	rootObject = 859594FE2CE261A900551AB9 /* Project object */;
}
